
Microsoft Visual Studio Solution File, Format Version 12.00
# Visual Studio Version 16
VisualStudioVersion = 16.0.29123.88
MinimumVisualStudioVersion = 10.0.40219.1
Project("{FAE04EC0-301F-11D3-BF4B-00C04F79EFBC}") = "Singleton", "Singleton.csproj", "{869D1C95-44DC-41CB-A1EB-1D090C9336BB}"
EndProject
Global
	GlobalSection(SolutionConfigurationPlatforms) = preSolution
		Debug|Any CPU = Debug|Any CPU
		Release|Any CPU = Release|Any CPU
	EndGlobalSection
	GlobalSection(ProjectConfigurationPlatforms) = postSolution
		{869D1C95-44DC-41CB-A1EB-1D090C9336BB}.Debug|Any CPU.ActiveCfg = Debug|Any CPU
		{869D1C95-44DC-41CB-A1EB-1D090C9336BB}.Debug|Any CPU.Build.0 = Debug|Any CPU
		{869D1C95-44DC-41CB-A1EB-1D090C9336BB}.Release|Any CPU.ActiveCfg = Release|Any CPU
		{869D1C95-44DC-41CB-A1EB-1D090C9336BB}.Release|Any CPU.Build.0 = Release|Any CPU
	EndGlobalSection
	GlobalSection(SolutionProperties) = preSolution
		HideSolutionNode = FALSE
	EndGlobalSection
	GlobalSection(ExtensibilityGlobals) = postSolution
		SolutionGuid = {6382832F-F346-40A4-BD7D-9F836EE4EE22}
	EndGlobalSection
EndGlobal
