
Microsoft Visual Studio Solution File, Format Version 12.00
# Visual Studio Version 16
VisualStudioVersion = 16.0.29123.88
MinimumVisualStudioVersion = 10.0.40219.1
Project("{FAE04EC0-301F-11D3-BF4B-00C04F79EFBC}") = "SimpleFactory", "SimpleFactory.csproj", "{C87C383C-016F-4E28-AE2F-5E0ED0BF0000}"
EndProject
Global
	GlobalSection(SolutionConfigurationPlatforms) = preSolution
		Debug|Any CPU = Debug|Any CPU
		Release|Any CPU = Release|Any CPU
	EndGlobalSection
	GlobalSection(ProjectConfigurationPlatforms) = postSolution
		{C87C383C-016F-4E28-AE2F-5E0ED0BF0000}.Debug|Any CPU.ActiveCfg = Debug|Any CPU
		{C87C383C-016F-4E28-AE2F-5E0ED0BF0000}.Debug|Any CPU.Build.0 = Debug|Any CPU
		{C87C383C-016F-4E28-AE2F-5E0ED0BF0000}.Release|Any CPU.ActiveCfg = Release|Any CPU
		{C87C383C-016F-4E28-AE2F-5E0ED0BF0000}.Release|Any CPU.Build.0 = Release|Any CPU
	EndGlobalSection
	GlobalSection(SolutionProperties) = preSolution
		HideSolutionNode = FALSE
	EndGlobalSection
	GlobalSection(ExtensibilityGlobals) = postSolution
		SolutionGuid = {6D227E5C-71D3-4295-9C71-715D20107F16}
	EndGlobalSection
EndGlobal
